<?xml version="1.0" encoding="utf-8"?>
<Project ToolsVersion="4.0" xmlns="http://schemas.microsoft.com/developer/msbuild/2003">
  <ItemGroup>
    <Filter Include="Header Files">
      <UniqueIdentifier>{4a55d3f3-c7b4-4efc-8594-67e7793a86bb}</UniqueIdentifier>
    </Filter>
    <Filter Include="Resource Files">
      <UniqueIdentifier>{2ea3ceae-d6a6-4098-af99-320b39318901}</UniqueIdentifier>
    </Filter>
    <Filter Include="Source Files">
      <UniqueIdentifier>{ea35aa3f-5f7e-4d21-a430-652ce0e87d4f}</UniqueIdentifier>
    </Filter>
    <Filter Include="Header Files\Affectors">
      <UniqueIdentifier>{8acda455-49a5-4d55-86fe-06ca87140284}</UniqueIdentifier>
    </Filter>
    <Filter Include="Source Files\Affectors">
      <UniqueIdentifier>{ed5dc7d7-a3be-49a3-9a29-6332c2e4fce0}</UniqueIdentifier>
    </Filter>
  </ItemGroup>
  <ItemGroup>
    <ClInclude Include="include\aprilparticle\Affectors.h">
      <Filter>Header Files</Filter>
    </ClInclude>
    <ClInclude Include="include\aprilparticle\aprilparticleExport.h">
      <Filter>Header Files</Filter>
    </ClInclude>
    <ClInclude Include="include\aprilparticle\CompositeParticleObject.h">
      <Filter>Header Files</Filter>
    </ClInclude>
    <ClInclude Include="include\aprilparticle\Particle.h">
      <Filter>Header Files</Filter>
    </ClInclude>
    <ClInclude Include="include\aprilparticle\ParticleEmitter.h">
      <Filter>Header Files</Filter>
    </ClInclude>
    <ClInclude Include="include\aprilparticle\ParticleSystem.h">
      <Filter>Header Files</Filter>
    </ClInclude>
    <ClInclude Include="include\aprilparticle\Affector.h">
      <Filter>Header Files\Affectors</Filter>
    </ClInclude>
    <ClInclude Include="include\aprilparticle\Attractor.h">
      <Filter>Header Files\Affectors</Filter>
    </ClInclude>
    <ClInclude Include="include\aprilparticle\ColorAffector.h">
      <Filter>Header Files\Affectors</Filter>
    </ClInclude>
    <ClInclude Include="include\aprilparticle\DirectionalForceField.h">
      <Filter>Header Files\Affectors</Filter>
    </ClInclude>
    <ClInclude Include="include\aprilparticle\LinearDirectionalForce.h">
      <Filter>Header Files\Affectors</Filter>
    </ClInclude>
    <ClInclude Include="include\aprilparticle\MultiColorAffector.h">
      <Filter>Header Files\Affectors</Filter>
    </ClInclude>
    <ClInclude Include="include\aprilparticle\Rotator.h">
      <Filter>Header Files\Affectors</Filter>
    </ClInclude>
    <ClInclude Include="include\aprilparticle\Swirl.h">
      <Filter>Header Files\Affectors</Filter>
    </ClInclude>
    <ClInclude Include="include\aprilparticle\aprilparticle.h">
      <Filter>Header Files</Filter>
    </ClInclude>
  </ItemGroup>
  <ItemGroup>
    <ClCompile Include="src\CompositeParticleObject.cpp">
      <Filter>Source Files</Filter>
    </ClCompile>
    <ClCompile Include="src\Particle.cpp">
      <Filter>Source Files</Filter>
    </ClCompile>
    <ClCompile Include="src\ParticleEmitter.cpp">
      <Filter>Source Files</Filter>
    </ClCompile>
    <ClCompile Include="src\Affector.cpp">
      <Filter>Source Files\Affectors</Filter>
    </ClCompile>
    <ClCompile Include="src\ColorAffector.cpp">
      <Filter>Source Files\Affectors</Filter>
    </ClCompile>
    <ClCompile Include="src\DirectionalForceField.cpp">
      <Filter>Source Files\Affectors</Filter>
    </ClCompile>
    <ClCompile Include="src\LinearDirectionalForce.cpp">
      <Filter>Source Files\Affectors</Filter>
    </ClCompile>
    <ClCompile Include="src\MultiColorAffector.cpp">
      <Filter>Source Files\Affectors</Filter>
    </ClCompile>
    <ClCompile Include="src\Rotator.cpp">
      <Filter>Source Files\Affectors</Filter>
    </ClCompile>
    <ClCompile Include="src\Swirl.cpp">
      <Filter>Source Files\Affectors</Filter>
    </ClCompile>
    <ClCompile Include="src\ParticleSystem.cpp">
      <Filter>Source Files</Filter>
    </ClCompile>
    <ClCompile Include="src\Attractor.cpp">
      <Filter>Source Files\Affectors</Filter>
    </ClCompile>
    <ClCompile Include="src\aprilparticle.cpp">
      <Filter>Source Files</Filter>
    </ClCompile>
  </ItemGroup>
  <ItemGroup>
    <ResourceCompile Include="fileproperties.rc">
      <Filter>Resource Files</Filter>
    </ResourceCompile>
  </ItemGroup>
</Project>