
Microsoft Visual Studio Solution File, Format Version 11.00
# Visual C++ Express 2010
Project("{8BC9CEB8-8B4A-11D0-8D11-00A0C91BC942}") = "libhltypes", "..\hltypes\libhltypes.vcxproj", "{E4D373BF-E227-48B9-99E6-84987E8674EC}"
EndProject
Project("{8BC9CEB8-8B4A-11D0-8D11-00A0C91BC942}") = "demo_simple", "demos\demo_simple\demo_simple.vcxproj", "{8ED4EDB5-7C0E-411F-BCC6-E96882CC73F3}"
	ProjectSection(ProjectDependencies) = postProject
		{A1E808A0-FE36-47FE-9E3B-CF195EA31F0A} = {A1E808A0-FE36-47FE-9E3B-CF195EA31F0A}
	EndProjectSection
EndProject
Project("{8BC9CEB8-8B4A-11D0-8D11-00A0C91BC942}") = "libapril", "..\april\libapril.vcxproj", "{2D053CDA-686B-4B36-80EB-1DA5F0CEF8F9}"
EndProject
Project("{8BC9CEB8-8B4A-11D0-8D11-00A0C91BC942}") = "libgtypes", "..\gtypes\libgtypes.vcxproj", "{9C043B29-DB40-48D5-97D8-1BC44128E3BA}"
EndProject
Project("{8BC9CEB8-8B4A-11D0-8D11-00A0C91BC942}") = "libaprilparticle", "libaprilparticle.vcxproj", "{A1E808A0-FE36-47FE-9E3B-CF195EA31F0A}"
	ProjectSection(ProjectDependencies) = postProject
		{9C043B29-DB40-48D5-97D8-1BC44128E3BA} = {9C043B29-DB40-48D5-97D8-1BC44128E3BA}
	EndProjectSection
EndProject
Project("{8BC9CEB8-8B4A-11D0-8D11-00A0C91BC942}") = "demo_particle", "demos\demo_particle\demo_particle.vcxproj", "{F82C40A4-77A0-4649-98A8-AD63FD8EEA8B}"
	ProjectSection(ProjectDependencies) = postProject
		{2D053CDA-686C-4B36-80EB-1DA5F0CEF8F9} = {2D053CDA-686C-4B36-80EB-1DA5F0CEF8F9}
	EndProjectSection
EndProject
Project("{8BC9CEB8-8B4A-11D0-8D11-00A0C91BC942}") = "libaprilutil", "..\april\aprilutil\libaprilutil.vcxproj", "{2D053CDA-686C-4B36-80EB-1DA5F0CEF8F9}"
EndProject
Global
	GlobalSection(SolutionConfigurationPlatforms) = preSolution
		win32_Debug|Win32 = win32_Debug|Win32
		win32_Release|Win32 = win32_Release|Win32
	EndGlobalSection
	GlobalSection(ProjectConfigurationPlatforms) = postSolution
		{E4D373BF-E227-48B9-99E6-84987E8674EC}.win32_Debug|Win32.ActiveCfg = win32_Debug|Win32
		{E4D373BF-E227-48B9-99E6-84987E8674EC}.win32_Debug|Win32.Build.0 = win32_Debug|Win32
		{E4D373BF-E227-48B9-99E6-84987E8674EC}.win32_Release|Win32.ActiveCfg = win32_Release|Win32
		{E4D373BF-E227-48B9-99E6-84987E8674EC}.win32_Release|Win32.Build.0 = win32_Release|Win32
		{8ED4EDB5-7C0E-411F-BCC6-E96882CC73F3}.win32_Debug|Win32.ActiveCfg = win32_Debug|Win32
		{8ED4EDB5-7C0E-411F-BCC6-E96882CC73F3}.win32_Debug|Win32.Build.0 = win32_Debug|Win32
		{8ED4EDB5-7C0E-411F-BCC6-E96882CC73F3}.win32_Release|Win32.ActiveCfg = win32_Release|Win32
		{8ED4EDB5-7C0E-411F-BCC6-E96882CC73F3}.win32_Release|Win32.Build.0 = win32_Release|Win32
		{2D053CDA-686B-4B36-80EB-1DA5F0CEF8F9}.win32_Debug|Win32.ActiveCfg = win32_DirectX9_Debug|Win32
		{2D053CDA-686B-4B36-80EB-1DA5F0CEF8F9}.win32_Debug|Win32.Build.0 = win32_DirectX9_Debug|Win32
		{2D053CDA-686B-4B36-80EB-1DA5F0CEF8F9}.win32_Release|Win32.ActiveCfg = win32_DirectX9_Release|Win32
		{2D053CDA-686B-4B36-80EB-1DA5F0CEF8F9}.win32_Release|Win32.Build.0 = win32_DirectX9_Release|Win32
		{9C043B29-DB40-48D5-97D8-1BC44128E3BA}.win32_Debug|Win32.ActiveCfg = win32_Debug|Win32
		{9C043B29-DB40-48D5-97D8-1BC44128E3BA}.win32_Debug|Win32.Build.0 = win32_Debug|Win32
		{9C043B29-DB40-48D5-97D8-1BC44128E3BA}.win32_Release|Win32.ActiveCfg = win32_Release|Win32
		{9C043B29-DB40-48D5-97D8-1BC44128E3BA}.win32_Release|Win32.Build.0 = win32_Release|Win32
		{A1E808A0-FE36-47FE-9E3B-CF195EA31F0A}.win32_Debug|Win32.ActiveCfg = win32_Debug|Win32
		{A1E808A0-FE36-47FE-9E3B-CF195EA31F0A}.win32_Debug|Win32.Build.0 = win32_Debug|Win32
		{A1E808A0-FE36-47FE-9E3B-CF195EA31F0A}.win32_Release|Win32.ActiveCfg = win32_Release|Win32
		{A1E808A0-FE36-47FE-9E3B-CF195EA31F0A}.win32_Release|Win32.Build.0 = win32_Release|Win32
		{F82C40A4-77A0-4649-98A8-AD63FD8EEA8B}.win32_Debug|Win32.ActiveCfg = win32_Debug|Win32
		{F82C40A4-77A0-4649-98A8-AD63FD8EEA8B}.win32_Debug|Win32.Build.0 = win32_Debug|Win32
		{F82C40A4-77A0-4649-98A8-AD63FD8EEA8B}.win32_Release|Win32.ActiveCfg = win32_Release|Win32
		{F82C40A4-77A0-4649-98A8-AD63FD8EEA8B}.win32_Release|Win32.Build.0 = win32_Release|Win32
		{2D053CDA-686C-4B36-80EB-1DA5F0CEF8F9}.win32_Debug|Win32.ActiveCfg = win32_Debug|Win32
		{2D053CDA-686C-4B36-80EB-1DA5F0CEF8F9}.win32_Debug|Win32.Build.0 = win32_Debug|Win32
		{2D053CDA-686C-4B36-80EB-1DA5F0CEF8F9}.win32_Release|Win32.ActiveCfg = win32_Release|Win32
		{2D053CDA-686C-4B36-80EB-1DA5F0CEF8F9}.win32_Release|Win32.Build.0 = win32_Release|Win32
	EndGlobalSection
	GlobalSection(SolutionProperties) = preSolution
		HideSolutionNode = FALSE
	EndGlobalSection
EndGlobal
